{
  "name": "@taifoon/cli",
  "version": "0.1.0",
  "lockfileVersion": 3,
  "requires": true,
  "packages": {
    "": {
      "name": "@taifoon/cli",
      "version": "0.1.0",
      "license": "MIT",
      "dependencies": {
        "@taifoon/term": "file:../term"
      },
      "bin": {
        "taifoon": "bin/taifoon.mjs"
      },
      "engines": {
        "node": ">=20"
      },
      "peerDependencies": {
        "@taifoon/jev": ">=0.1.1"
      },
      "peerDependenciesMeta": {
        "@taifoon/jev": {
          "optional": true
        }
      }
    },
    "../term": {
      "name": "@taifoon/term",
      "version": "0.1.0",
      "license": "MIT",
      "engines": {
        "node": ">=20"
      }
    },
    "node_modules/@taifoon/term": {
      "resolved": "../term",
      "link": true
    }
  }
}
